
Microsoft Visual Studio Solution File, Format Version 12.00
# Visual Studio 15
VisualStudioVersion = 15.0.28307.168
MinimumVisualStudioVersion = 10.0.40219.1
Project("{00D1A9C2-B5F0-4AF3-8072-F6C62B433612}") = "JDRDB", "JDRDB\JDRDB.sqlproj", "{0AC858D9-0883-417D-8E1B-DA6190C25493}"
EndProject
Global
	GlobalSection(SolutionConfigurationPlatforms) = preSolution
		Debug|Any CPU = Debug|Any CPU
		Release|Any CPU = Release|Any CPU
	EndGlobalSection
	GlobalSection(ProjectConfigurationPlatforms) = postSolution
		{0AC858D9-0883-417D-8E1B-DA6190C25493}.Debug|Any CPU.ActiveCfg = Debug|Any CPU
		{0AC858D9-0883-417D-8E1B-DA6190C25493}.Debug|Any CPU.Build.0 = Debug|Any CPU
		{0AC858D9-0883-417D-8E1B-DA6190C25493}.Debug|Any CPU.Deploy.0 = Debug|Any CPU
		{0AC858D9-0883-417D-8E1B-DA6190C25493}.Release|Any CPU.ActiveCfg = Release|Any CPU
		{0AC858D9-0883-417D-8E1B-DA6190C25493}.Release|Any CPU.Build.0 = Release|Any CPU
		{0AC858D9-0883-417D-8E1B-DA6190C25493}.Release|Any CPU.Deploy.0 = Release|Any CPU
	EndGlobalSection
	GlobalSection(SolutionProperties) = preSolution
		HideSolutionNode = FALSE
	EndGlobalSection
	GlobalSection(ExtensibilityGlobals) = postSolution
		SolutionGuid = {2B7CC0D3-C122-4D1B-BDED-4597275E943F}
	EndGlobalSection
EndGlobal
